lockfileVersion: 5.4

specifiers:
  '@codemirror/state': ^6.0.0
  '@codemirror/view': ^6.0.0
  '@types/node': latest
  builtin-modules: latest
  esbuild: latest
  obsidian: latest
  tslib: latest
  typescript: latest

devDependencies:
  '@codemirror/state': 6.1.4
  '@codemirror/view': 6.6.0
  '@types/node': 18.11.10
  builtin-modules: 3.3.0
  esbuild: 0.15.17
  obsidian: 0.16.3_lbdck2taelwzbjy5j3vthedh6e
  tslib: 2.4.1
  typescript: 4.9.3

packages:

  /@codemirror/state/6.1.4:
    resolution: {integrity: sha512-g+3OJuRylV5qsXuuhrc6Cvs1NQluNioepYMM2fhnpYkNk7NgX+j0AFuevKSVKzTDmDyt9+Puju+zPdHNECzCNQ==}
    dev: true

  /@codemirror/view/6.6.0:
    resolution: {integrity: sha512-40VaFVZI3rkyjO5GHFAbNwaW+YgZexjKyx5gxLU2DvfuXAEZX0kW0apOXb0SBRLnKIQJ+U/n2nPfxgBVFHERrg==}
    dependencies:
      '@codemirror/state': 6.1.4
      style-mod: 4.0.0
      w3c-keyname: 2.2.6
    dev: true

  /@esbuild/android-arm/0.15.17:
    resolution: {integrity: sha512-ay6Ken4u+JStjYmqIgh71jMT0bs/rXpCCDKaMfl78B20QYWJglT5P6Ejfm4hWf6Zi+uUWNe7ZmqakRs2BQYIeg==}
    engines: {node: '>=12'}
    cpu: [arm]
    os: [android]
    requiresBuild: true
    dev: true
    optional: true

  /@esbuild/linux-loong64/0.15.17:
    resolution: {integrity: sha512-IA1O7f7qxw2DX8oqTpugHElr926phs7Rq8ULXleBMk4go5K05BU0mI8BfCkWcYAvcmVaMc13bv5W3LIUlU6Y9w==}
    engines: {node: '>=12'}
    cpu: [loong64]
    os: [linux]
    requiresBuild: true
    dev: true
    optional: true

  /@types/codemirror/0.0.108:
    resolution: {integrity: sha512-3FGFcus0P7C2UOGCNUVENqObEb4SFk+S8Dnxq7K6aIsLVs/vDtlangl3PEO0ykaKXyK56swVF6Nho7VsA44uhw==}
    dependencies:
      '@types/tern': 0.23.4
    dev: true

  /@types/estree/1.0.0:
    resolution: {integrity: sha512-WulqXMDUTYAXCjZnk6JtIHPigp55cVtDgDrO2gHRwhyJto21+1zbVCtOYB2L1F9w4qCQ0rOGWBnBe0FNTiEJIQ==}
    dev: true

  /@types/node/18.11.10:
    resolution: {integrity: sha512-juG3RWMBOqcOuXC643OAdSA525V44cVgGV6dUDuiFtss+8Fk5x1hI93Rsld43VeJVIeqlP9I7Fn9/qaVqoEAuQ==}
    dev: true

  /@types/tern/0.23.4:
    resolution: {integrity: sha512-JAUw1iXGO1qaWwEOzxTKJZ/5JxVeON9kvGZ/osgZaJImBnyjyn0cjovPsf6FNLmyGY8Vw9DoXZCMlfMkMwHRWg==}
    dependencies:
      '@types/estree': 1.0.0
    dev: true

  /builtin-modules/3.3.0:
    resolution: {integrity: sha512-zhaCDicdLuWN5UbN5IMnFqNMhNfo919sH85y2/ea+5Yg9TsTkeZxpL+JLbp6cgYFS4sRLp3YV4S6yDuqVWHYOw==}
    engines: {node: '>=6'}
    dev: true

  /esbuild-android-64/0.15.17:
    resolution: {integrity: sha512-sUs6cKMAuAyWnJ/66ezWVr9SMRGFSwoMagxzdhXYggSA12zF7krXSuc1Y9JwxHq56wtv/gFAVo97TFm7RBc1Ig==}
    engines: {node: '>=12'}
    cpu: [x64]
    os: [android]
    requiresBuild: true
    dev: true
    optional: true

  /esbuild-android-arm64/0.15.17:
    resolution: {integrity: sha512-RLZuCgIx1rexwxwsXTEW40ZiZzdBI1MBphwDRFyms/iiJGwLxqCH7v75iSJk5s6AF6oa80KC6r/RmzyaX/uJNg==}
    engines: {node: '>=12'}
    cpu: [arm64]
    os: [android]
    requiresBuild: true
    dev: true
    optional: true

  /esbuild-darwin-64/0.15.17:
    resolution: {integrity: sha512-+6RTCZ0hfAb+RqTNq1uVsBcP441yZOSi6CyV9BIBryGGVg8RM3Bc6L45e5b68jdRloddN92ekS50e4ElI+cHQA==}
    engines: {node: '>=12'}
    cpu: [x64]
    os: [darwin]
    requiresBuild: true
    dev: true
    optional: true

  /esbuild-darwin-arm64/0.15.17:
    resolution: {integrity: sha512-ne4UWUHEKWLgYSE5SLr0/TBcID3k9LPnrzzRXzFLTfD+ygjnW1pMEgdMfmOKIe8jYBUYv8x/YoksriTdQb9r/Q==}
    engines: {node: '>=12'}
    cpu: [arm64]
    os: [darwin]
    requiresBuild: true
    dev: true
    optional: true

  /esbuild-freebsd-64/0.15.17:
    resolution: {integrity: sha512-6my3DrwLOe1zhR8UzVRKeo9AFM9XkApJBcx0IE+qKaEbKKBxYAiDBtd2ZMtRA2agqIwRP0kuHofTiDEzpfA+ZA==}
    engines: {node: '>=12'}
    cpu: [x64]
    os: [freebsd]
    requiresBuild: true
    dev: true
    optional: true

  /esbuild-freebsd-arm64/0.15.17:
    resolution: {integrity: sha512-LQL7+f+bz+xmAu1FcDBB304Wm2CjONUcOeF4f3TqG7wYXMxjjYQZBFv+0OVapNXyYrM2vy9JMDbps+SheuOnHg==}
    engines: {node: '>=12'}
    cpu: [arm64]
    os: [freebsd]
    requiresBuild: true
    dev: true
    optional: true

  /esbuild-linux-32/0.15.17:
    resolution: {integrity: sha512-7E9vZXMZhINQ4/KcxBxioJ2ao5gbXJ6Pa4/LEUd102g3gadSalpg0LrityFgw7ao6qmjcNWwdEYrXaDnOzyyYA==}
    engines: {node: '>=12'}
    cpu: [ia32]
    os: [linux]
    requiresBuild: true
    dev: true
    optional: true

  /esbuild-linux-64/0.15.17:
    resolution: {integrity: sha512-TnedHtFQSUVlc0J0D4ZMMalYaQ0Zbt7HSwGy4sav7BlXVqDVc/rchJ/a9dathK51apzLgRyXQMseLf6bkloaSQ==}
    engines: {node: '>=12'}
    cpu: [x64]
    os: [linux]
    requiresBuild: true
    dev: true
    optional: true

  /esbuild-linux-arm/0.15.17:
    resolution: {integrity: sha512-+ugCmBTTDIlh+UuC7E/GvyJqjGTX2pNOA+g3isG78aYcfgswrHjvstTtIfljaU95AS30qrVNLgI5h/8TsRWTrg==}
    engines: {node: '>=12'}
    cpu: [arm]
    os: [linux]
    requiresBuild: true
    dev: true
    optional: true

  /esbuild-linux-arm64/0.15.17:
    resolution: {integrity: sha512-oupYfh0lTHg+F/2ZoTNrioB+KLd6x0Zlhjz2Oa1jhl8wCGkNvwe25RytR2/SGPYpoNVcvCeoayWQRwwRuWGgfQ==}
    engines: {node: '>=12'}
    cpu: [arm64]
    os: [linux]
    requiresBuild: true
    dev: true
    optional: true

  /esbuild-linux-mips64le/0.15.17:
    resolution: {integrity: sha512-aUVyHwUXJF1hi9jsAT+At+cBxZh2yGICi/e757N6d/zzOD+eVK3PKQj68tAvIflx6/ZpnuCTKol1GpgGYrzERg==}
    engines: {node: '>=12'}
    cpu: [mips64el]
    os: [linux]
    requiresBuild: true
    dev: true
    optional: true

  /esbuild-linux-ppc64le/0.15.17:
    resolution: {integrity: sha512-i7789iFTLfLccHPNADCbaZPx9CuQblsBqv2j4XqIBN1jKIJbpQ8iqCkWoHep4PLqqKLtBLtTWh919GsrFGdeJA==}
    engines: {node: '>=12'}
    cpu: [ppc64]
    os: [linux]
    requiresBuild: true
    dev: true
    optional: true

  /esbuild-linux-riscv64/0.15.17:
    resolution: {integrity: sha512-fEQ/8tnZ2sDniBlPfTXEdg+0OP1olps96HvYdwl8ywJdAlD7AK761EL3lRbRdfMHNOId2N6+CVca43/Fiu/0AQ==}
    engines: {node: '>=12'}
    cpu: [riscv64]
    os: [linux]
    requiresBuild: true
    dev: true
    optional: true

  /esbuild-linux-s390x/0.15.17:
    resolution: {integrity: sha512-ZBQekST4gYgTKHAvUJtR1kFFulHTDlRZSE8T0wRQCmQqydNkC1teWxlR31xS6MZevjZGfa7OMVJD24bBhei/2Q==}
    engines: {node: '>=12'}
    cpu: [s390x]
    os: [linux]
    requiresBuild: true
    dev: true
    optional: true

  /esbuild-netbsd-64/0.15.17:
    resolution: {integrity: sha512-onNBFaZVN9GzGJMm3aZJJv74n/Q8FjW20G9OfSDhHjvamqJ5vbd42hNk6igQX4lgBCHTZvvBlWDJAMy+tbJAAw==}
    engines: {node: '>=12'}
    cpu: [x64]
    os: [netbsd]
    requiresBuild: true
    dev: true
    optional: true

  /esbuild-openbsd-64/0.15.17:
    resolution: {integrity: sha512-QFxHmvjaRrmTCvH/A3EmzqKUSZHRQ7/pbrJeATsb/Q6qckCeL9e7zg/1A3HiZqDXeBUV3yNeBeV1GJBjY6yVyA==}
    engines: {node: '>=12'}
    cpu: [x64]
    os: [openbsd]
    requiresBuild: true
    dev: true
    optional: true

  /esbuild-sunos-64/0.15.17:
    resolution: {integrity: sha512-7dHZA8Kc6U8rBTKojJatXtzHTUKJ3CRYimvOGIQQ1yUDOqGx/zZkCH/HkEi3Zg5SWyDj/57E5e1YJPo4ySSw/w==}
    engines: {node: '>=12'}
    cpu: [x64]
    os: [sunos]
    requiresBuild: true
    dev: true
    optional: true

  /esbuild-windows-32/0.15.17:
    resolution: {integrity: sha512-yDrNrwQ/0k4N3OZItZ6k6YnBUch8+of06YRYc3hFI8VDm7X1rkNZwhttZNAzF6+TtbnK4cIz7H2/EwdSoaGZ3g==}
    engines: {node: '>=12'}
    cpu: [ia32]
    os: [win32]
    requiresBuild: true
    dev: true
    optional: true

  /esbuild-windows-64/0.15.17:
    resolution: {integrity: sha512-jPnXvB4zMMToNPpCBdt+OEQiYFVs9wlQ5G8vMoJkrYJBp1aEt070MRpBFa6pfBFrgXquqgUiNAohMcTdy+JVFg==}
    engines: {node: '>=12'}
    cpu: [x64]
    os: [win32]
    requiresBuild: true
    dev: true
    optional: true

  /esbuild-windows-arm64/0.15.17:
    resolution: {integrity: sha512-I5QeSsz0X66V8rxVhmw03Wzn8Tz63H3L9GrsA7C5wvBXMk3qahLWuEL+l7SZ2DleKkFeZZMu1dPxOak9f1TZ4A==}
    engines: {node: '>=12'}
    cpu: [arm64]
    os: [win32]
    requiresBuild: true
    dev: true
    optional: true

  /esbuild/0.15.17:
    resolution: {integrity: sha512-8MbkDX+kh0kaeYGd6klMbn1uTOXHoDw7UYMd1dQYA5cqBZivf5+pzfaXZSL1RNamJfXW/uWC5+9wX5ejDgpSqg==}
    engines: {node: '>=12'}
    hasBin: true
    requiresBuild: true
    optionalDependencies:
      '@esbuild/android-arm': 0.15.17
      '@esbuild/linux-loong64': 0.15.17
      esbuild-android-64: 0.15.17
      esbuild-android-arm64: 0.15.17
      esbuild-darwin-64: 0.15.17
      esbuild-darwin-arm64: 0.15.17
      esbuild-freebsd-64: 0.15.17
      esbuild-freebsd-arm64: 0.15.17
      esbuild-linux-32: 0.15.17
      esbuild-linux-64: 0.15.17
      esbuild-linux-arm: 0.15.17
      esbuild-linux-arm64: 0.15.17
      esbuild-linux-mips64le: 0.15.17
      esbuild-linux-ppc64le: 0.15.17
      esbuild-linux-riscv64: 0.15.17
      esbuild-linux-s390x: 0.15.17
      esbuild-netbsd-64: 0.15.17
      esbuild-openbsd-64: 0.15.17
      esbuild-sunos-64: 0.15.17
      esbuild-windows-32: 0.15.17
      esbuild-windows-64: 0.15.17
      esbuild-windows-arm64: 0.15.17
    dev: true

  /moment/2.29.4:
    resolution: {integrity: sha512-5LC9SOxjSc2HF6vO2CyuTDNivEdoz2IvyJJGj6X8DJ0eFyfszE0QiEd+iXmBvUP3WHxSjFH/vIsA0EN00cgr8w==}
    dev: true

  /obsidian/0.16.3_lbdck2taelwzbjy5j3vthedh6e:
    resolution: {integrity: sha512-hal9qk1A0GMhHSeLr2/+o3OpLmImiP+Y+sx2ewP13ds76KXsziG96n+IPFT0mSkup1zSwhEu+DeRhmbcyCCXWw==}
    peerDependencies:
      '@codemirror/state': ^6.0.0
      '@codemirror/view': ^6.0.0
    dependencies:
      '@codemirror/state': 6.1.4
      '@codemirror/view': 6.6.0
      '@types/codemirror': 0.0.108
      moment: 2.29.4
    dev: true

  /style-mod/4.0.0:
    resolution: {integrity: sha512-OPhtyEjyyN9x3nhPsu76f52yUGXiZcgvsrFVtvTkyGRQJ0XK+GPc6ov1z+lRpbeabka+MYEQxOYRnt5nF30aMw==}
    dev: true

  /tslib/2.4.1:
    resolution: {integrity: sha512-tGyy4dAjRIEwI7BzsB0lynWgOpfqjUdq91XXAlIWD2OwKBH7oCl/GZG/HT4BOHrTlPMOASlMQ7veyTqpmRcrNA==}
    dev: true

  /typescript/4.9.3:
    resolution: {integrity: sha512-CIfGzTelbKNEnLpLdGFgdyKhG23CKdKgQPOBc+OUNrkJ2vr+KSzsSV5kq5iWhEQbok+quxgGzrAtGWCyU7tHnA==}
    engines: {node: '>=4.2.0'}
    hasBin: true
    dev: true

  /w3c-keyname/2.2.6:
    resolution: {integrity: sha512-f+fciywl1SJEniZHD6H+kUO8gOnwIr7f4ijKA6+ZvJFjeGi1r4PDLl53Ayud9O/rk64RqgoQine0feoeOU0kXg==}
    dev: true
